<?xml version="1.0" encoding="utf-8"?>
<Project ToolsVersion="4.0" xmlns="http://schemas.microsoft.com/developer/msbuild/2003">
  <ItemGroup>
    <Filter Include="Source Files">
      <UniqueIdentifier>{4FC737F1-C7A5-4376-A066-2A32D752A2FF}</UniqueIdentifier>
      <Extensions>cpp;c;cc;cxx;def;odl;idl;hpj;bat;asm;asmx</Extensions>
    </Filter>
    <Filter Include="Header Files">
      <UniqueIdentifier>{93995380-89BD-4b04-88EB-625FBE52EBFB}</UniqueIdentifier>
      <Extensions>h;hpp;hxx;hm;inl;inc;xsd</Extensions>
    </Filter>
    <Filter Include="Resource Files">
      <UniqueIdentifier>{67DA6AB6-F800-4c08-8B7A-83BB121AAD01}</UniqueIdentifier>
      <Extensions>rc;ico;cur;bmp;dlg;rc2;rct;bin;rgs;gif;jpg;jpeg;jpe;resx;tiff;tif;png;wav</Extensions>
    </Filter>
  </ItemGroup>
  <ItemGroup>
    <ClCompile Include="src\game\ActionEvent.cpp">
      <Filter>Source Files</Filter>
    </ClCompile>
    <ClCompile Include="src\game\ActionEventQueue.cpp">
      <Filter>Source Files</Filter>
    </ClCompile>
    <ClCompile Include="src\game\Ai.cpp">
      <Filter>Source Files</Filter>
    </ClCompile>
    <ClCompile Include="src\game\AiCommand.cpp">
      <Filter>Source Files</Filter>
    </ClCompile>
    <ClCompile Include="src\misc\args.cpp">
      <Filter>Source Files</Filter>
    </ClCompile>
    <ClCompile Include="src\game\BarrelExplosionActionEvent.cpp">
      <Filter>Source Files</Filter>
    </ClCompile>
    <ClCompile Include="src\game\BAttackAnimEvent.cpp">
      <Filter>Source Files</Filter>
    </ClCompile>
    <ClCompile Include="src\game\BExplodeAnimEvent.cpp">
      <Filter>Source Files</Filter>
    </ClCompile>
    <ClCompile Include="src\vfs\mix\blowfish.cpp">
      <Filter>Source Files</Filter>
    </ClCompile>
    <ClCompile Include="src\game\BQTimer.cpp">
      <Filter>Source Files</Filter>
    </ClCompile>
    <ClCompile Include="src\game\BQueue.cpp">
      <Filter>Source Files</Filter>
    </ClCompile>
    <ClCompile Include="src\game\BRepairUnitAnimEvent.cpp">
      <Filter>Source Files</Filter>
    </ClCompile>
    <ClCompile Include="src\game\BTurnAnimEvent.cpp">
      <Filter>Source Files</Filter>
    </ClCompile>
    <ClCompile Include="src\game\BuildAnimEvent.cpp">
      <Filter>Source Files</Filter>
    </ClCompile>
    <ClCompile Include="src\game\BuildingAnimEvent.cpp">
      <Filter>Source Files</Filter>
    </ClCompile>
    <ClCompile Include="src\ui\Button.cpp">
      <Filter>Source Files</Filter>
    </ClCompile>
    <ClCompile Include="src\game\CncMap.cpp">
      <Filter>Source Files</Filter>
    </ClCompile>
    <ClCompile Include="src\misc\common.cpp">
      <Filter>Source Files</Filter>
    </ClCompile>
    <ClCompile Include="src\game\Comp.cpp">
      <Filter>Source Files</Filter>
    </ClCompile>
    <ClCompile Include="src\misc\Compression.cpp">
      <Filter>Source Files</Filter>
    </ClCompile>
    <ClCompile Include="src\video\CPSImage.cpp">
      <Filter>Source Files</Filter>
    </ClCompile>
    <ClCompile Include="src\ui\Cursor.cpp">
      <Filter>Source Files</Filter>
    </ClCompile>
    <ClCompile Include="src\ui\CursorInfo.cpp">
      <Filter>Source Files</Filter>
    </ClCompile>
    <ClCompile Include="src\ui\CursorPool.cpp">
      <Filter>Source Files</Filter>
    </ClCompile>
    <ClCompile Include="src\game\DataLoader.cpp">
      <Filter>Source Files</Filter>
    </ClCompile>
    <ClCompile Include="src\game\Dispatcher.cpp">
      <Filter>Source Files</Filter>
    </ClCompile>
    <ClCompile Include="src\game\DoorAnimEvent.cpp">
      <Filter>Source Files</Filter>
    </ClCompile>
    <ClCompile Include="src\ui\DropDownListBox.cpp">
      <Filter>Source Files</Filter>
    </ClCompile>
    <ClCompile Include="src\video\Dune2Image.cpp">
      <Filter>Source Files</Filter>
    </ClCompile>
    <ClCompile Include="src\game\ExplosionAnim.cpp">
      <Filter>Source Files</Filter>
    </ClCompile>
    <ClCompile Include="src\vfs\filesystem\externalvfs.cpp">
      <Filter>Source Files</Filter>
    </ClCompile>
    <ClCompile Include="src\misc\fibheap.cpp">
      <Filter>Source Files</Filter>
    </ClCompile>
    <ClCompile Include="src\game\FibHeapEntry.cpp">
      <Filter>Source Files</Filter>
    </ClCompile>
    <ClCompile Include="src\ui\Font.cpp">
      <Filter>Source Files</Filter>
    </ClCompile>
    <ClCompile Include="src\ui\FontCache.cpp">
      <Filter>Source Files</Filter>
    </ClCompile>
    <ClCompile Include="src\game\Game.cpp">
      <Filter>Source Files</Filter>
    </ClCompile>
    <ClCompile Include="src\game\GameError.cpp">
      <Filter>Source Files</Filter>
    </ClCompile>
    <ClCompile Include="src\game\GlobalClearTriggerAction.cpp">
      <Filter>Source Files</Filter>
    </ClCompile>
    <ClCompile Include="src\game\GlobalSetTriggerAction.cpp">
      <Filter>Source Files</Filter>
    </ClCompile>
    <ClCompile Include="src\video\GraphicsEngine.cpp">
      <Filter>Source Files</Filter>
    </ClCompile>
    <ClCompile Include="src\video\imagecache.cpp">
      <Filter>Source Files</Filter>
    </ClCompile>
    <ClCompile Include="src\video\ImageCacheEntry.cpp">
      <Filter>Source Files</Filter>
    </ClCompile>
    <ClCompile Include="src\video\ImageNotFound.cpp">
      <Filter>Source Files</Filter>
    </ClCompile>
    <ClCompile Include="src\video\imageproc.cpp">
      <Filter>Source Files</Filter>
    </ClCompile>
    <ClCompile Include="src\game\InfantryGroup.cpp">
      <Filter>Source Files</Filter>
    </ClCompile>
    <ClCompile Include="src\misc\INIFile.cpp">
      <Filter>Source Files</Filter>
    </ClCompile>
    <ClCompile Include="src\ui\Input.cpp">
      <Filter>Source Files</Filter>
    </ClCompile>
    <ClCompile Include="src\game\KeyComp.cpp">
      <Filter>Source Files</Filter>
    </ClCompile>
    <ClCompile Include="src\game\L2Overlay.cpp">
      <Filter>Source Files</Filter>
    </ClCompile>
    <ClCompile Include="src\ui\ListboxClass.cpp">
      <Filter>Source Files</Filter>
    </ClCompile>
    <ClCompile Include="src\video\loadingscreen.cpp">
      <Filter>Source Files</Filter>
    </ClCompile>
    <ClCompile Include="src\game\LoadMapError.cpp">
      <Filter>Source Files</Filter>
    </ClCompile>
    <ClCompile Include="src\Logger.cpp">
      <Filter>Source Files</Filter>
    </ClCompile>
    <ClCompile Include="src\game\LoopAnimEvent.cpp">
      <Filter>Source Files</Filter>
    </ClCompile>
    <ClCompile Include="src\ui\MapAnimationMenu.cpp">
      <Filter>Source Files</Filter>
    </ClCompile>
    <ClCompile Include="src\ui\Menu.cpp">
      <Filter>Source Files</Filter>
    </ClCompile>
    <ClCompile Include="src\video\message.cpp">
      <Filter>Source Files</Filter>
    </ClCompile>
    <ClCompile Include="src\video\MessagePool.cpp">
      <Filter>Source Files</Filter>
    </ClCompile>
    <ClCompile Include="src\game\MissionData.cpp">
      <Filter>Source Files</Filter>
    </ClCompile>
    <ClCompile Include="src\game\MissionMapsClass.cpp">
      <Filter>Source Files</Filter>
    </ClCompile>
    <ClCompile Include="src\game\MissionTheater.cpp">
      <Filter>Source Files</Filter>
    </ClCompile>
    <ClCompile Include="src\vfs\mix\mixvfs.cpp">
      <Filter>Source Files</Filter>
    </ClCompile>
    <ClCompile Include="src\game\MoneyCounter.cpp">
      <Filter>Source Files</Filter>
    </ClCompile>
    <ClCompile Include="src\game\MoveAnimEvent.cpp">
      <Filter>Source Files</Filter>
    </ClCompile>
    <ClCompile Include="src\game\MultiPlayerMaps.cpp">
      <Filter>Source Files</Filter>
    </ClCompile>
    <ClCompile Include="src\game\NoActionTriggerAction.cpp">
      <Filter>Source Files</Filter>
    </ClCompile>
    <ClCompile Include="src\OpenRedAlert.cpp">
      <Filter>Source Files</Filter>
    </ClCompile>
    <ClCompile Include="src\game\Path.cpp">
      <Filter>Source Files</Filter>
    </ClCompile>
    <ClCompile Include="src\ui\PauseMenu.cpp">
      <Filter>Source Files</Filter>
    </ClCompile>
    <ClCompile Include="src\video\PCXImage.cpp">
      <Filter>Source Files</Filter>
    </ClCompile>
    <ClCompile Include="src\game\Player.cpp">
      <Filter>Source Files</Filter>
    </ClCompile>
    <ClCompile Include="src\game\PlayerPool.cpp">
      <Filter>Source Files</Filter>
    </ClCompile>
    <ClCompile Include="src\game\ProcAnimEvent.cpp">
      <Filter>Source Files</Filter>
    </ClCompile>
    <ClCompile Include="src\game\Projectile.cpp">
      <Filter>Source Files</Filter>
    </ClCompile>
    <ClCompile Include="src\game\ProjectileAnim.cpp">
      <Filter>Source Files</Filter>
    </ClCompile>
    <ClCompile Include="src\game\ProjectileData.cpp">
      <Filter>Source Files</Filter>
    </ClCompile>
    <ClCompile Include="src\game\ProjectileDataList.cpp">
      <Filter>Source Files</Filter>
    </ClCompile>
    <ClCompile Include="src\ui\RA_Label.cpp">
      <Filter>Source Files</Filter>
    </ClCompile>
    <ClCompile Include="src\ui\RA_ProgressBar.cpp">
      <Filter>Source Files</Filter>
    </ClCompile>
    <ClCompile Include="src\game\RadarAnimEvent.cpp">
      <Filter>Source Files</Filter>
    </ClCompile>
    <ClCompile Include="src\ui\RaWindow.cpp">
      <Filter>Source Files</Filter>
    </ClCompile>
    <ClCompile Include="src\game\RawTriggerAction.cpp">
      <Filter>Source Files</Filter>
    </ClCompile>
    <ClCompile Include="src\game\RedAlertDataLoader.cpp">
      <Filter>Source Files</Filter>
    </ClCompile>
    <ClCompile Include="src\game\RefineAnimEvent.cpp">
      <Filter>Source Files</Filter>
    </ClCompile>
    <ClCompile Include="src\game\RepairAnimEvent.cpp">
      <Filter>Source Files</Filter>
    </ClCompile>
    <ClCompile Include="src\video\sdllayer.cpp">
      <Filter>Source Files</Filter>
    </ClCompile>
    <ClCompile Include="src\ui\selection.cpp">
      <Filter>Source Files</Filter>
    </ClCompile>
    <ClCompile Include="src\video\SHPBase.cpp">
      <Filter>Source Files</Filter>
    </ClCompile>
    <ClCompile Include="src\video\SHPImage.cpp">
      <Filter>Source Files</Filter>
    </ClCompile>
    <ClCompile Include="src\ui\sidebar.cpp">
      <Filter>Source Files</Filter>
    </ClCompile>
    <ClCompile Include="src\ui\SidebarButton.cpp">
      <Filter>Source Files</Filter>
    </ClCompile>
    <ClCompile Include="src\ui\SidebarError.cpp">
      <Filter>Source Files</Filter>
    </ClCompile>
    <ClCompile Include="src\game\SnowMissionTheater.cpp">
      <Filter>Source Files</Filter>
    </ClCompile>
    <ClCompile Include="src\audio\SoundEngine.cpp">
      <Filter>Source Files</Filter>
    </ClCompile>
    <ClCompile Include="src\audio\SoundError.cpp">
      <Filter>Source Files</Filter>
    </ClCompile>
    <ClCompile Include="src\audio\SoundFile.cpp">
      <Filter>Source Files</Filter>
    </ClCompile>
    <ClCompile Include="src\audio\SoundUtils.cpp">
      <Filter>Source Files</Filter>
    </ClCompile>
    <ClCompile Include="src\misc\StringTableFile.cpp">
      <Filter>Source Files</Filter>
    </ClCompile>
    <ClCompile Include="src\game\structure.cpp">
      <Filter>Source Files</Filter>
    </ClCompile>
    <ClCompile Include="src\game\StructureType.cpp">
      <Filter>Source Files</Filter>
    </ClCompile>
    <ClCompile Include="src\game\talkback.cpp">
      <Filter>Source Files</Filter>
    </ClCompile>
    <ClCompile Include="src\ui\TCheckBox.cpp">
      <Filter>Source Files</Filter>
    </ClCompile>
    <ClCompile Include="src\video\TemplateImage.cpp">
      <Filter>Source Files</Filter>
    </ClCompile>
    <ClCompile Include="src\game\TextTriggerAction.cpp">
      <Filter>Source Files</Filter>
    </ClCompile>
    <ClCompile Include="src\game\Trigger.cpp">
      <Filter>Source Files</Filter>
    </ClCompile>
    <ClCompile Include="src\game\TriggerAction.cpp">
      <Filter>Source Files</Filter>
    </ClCompile>
    <ClCompile Include="src\game\TriggerManager.cpp">
      <Filter>Source Files</Filter>
    </ClCompile>
    <ClCompile Include="src\game\triggers.cpp">
      <Filter>Source Files</Filter>
    </ClCompile>
    <ClCompile Include="src\ui\TTextBox.cpp">
      <Filter>Source Files</Filter>
    </ClCompile>
    <ClCompile Include="src\game\TurnAnimEvent.cpp">
      <Filter>Source Files</Filter>
    </ClCompile>
    <ClCompile Include="src\game\UAttackAnimEvent.cpp">
      <Filter>Source Files</Filter>
    </ClCompile>
    <ClCompile Include="src\game\UHarvestEvent.cpp">
      <Filter>Source Files</Filter>
    </ClCompile>
    <ClCompile Include="src\game\UInfiltrateAnimEvent.cpp">
      <Filter>Source Files</Filter>
    </ClCompile>
    <ClCompile Include="src\game\unit.cpp">
      <Filter>Source Files</Filter>
    </ClCompile>
    <ClCompile Include="src\game\unitandstructurepool.cpp">
      <Filter>Source Files</Filter>
    </ClCompile>
    <ClCompile Include="src\game\UnitAnimEvent.cpp">
      <Filter>Source Files</Filter>
    </ClCompile>
    <ClCompile Include="src\game\UnitOrStructure.cpp">
      <Filter>Source Files</Filter>
    </ClCompile>
    <ClCompile Include="src\game\UnitOrStructureType.cpp">
      <Filter>Source Files</Filter>
    </ClCompile>
    <ClCompile Include="src\game\UnitType.cpp">
      <Filter>Source Files</Filter>
    </ClCompile>
    <ClCompile Include="src\game\URepairEvent.cpp">
      <Filter>Source Files</Filter>
    </ClCompile>
    <ClCompile Include="src\vfs\VFile.cpp">
      <Filter>Source Files</Filter>
    </ClCompile>
    <ClCompile Include="src\vfs\vfs.cpp">
      <Filter>Source Files</Filter>
    </ClCompile>
    <ClCompile Include="src\video\VideoError.cpp">
      <Filter>Source Files</Filter>
    </ClCompile>
    <ClCompile Include="src\video\VQAMovie.cpp">
      <Filter>Source Files</Filter>
    </ClCompile>
    <ClCompile Include="src\game\WalkAnimEvent.cpp">
      <Filter>Source Files</Filter>
    </ClCompile>
    <ClCompile Include="src\game\Warhead.cpp">
      <Filter>Source Files</Filter>
    </ClCompile>
    <ClCompile Include="src\game\WarheadData.cpp">
      <Filter>Source Files</Filter>
    </ClCompile>
    <ClCompile Include="src\game\WarheadDataList.cpp">
      <Filter>Source Files</Filter>
    </ClCompile>
    <ClCompile Include="src\game\Weapon.cpp">
      <Filter>Source Files</Filter>
    </ClCompile>
    <ClCompile Include="src\game\WeaponData.cpp">
      <Filter>Source Files</Filter>
    </ClCompile>
    <ClCompile Include="src\game\WeaponDataList.cpp">
      <Filter>Source Files</Filter>
    </ClCompile>
    <ClCompile Include="src\game\weaponspool.cpp">
      <Filter>Source Files</Filter>
    </ClCompile>
    <ClCompile Include="src\vfs\mix\ws-key.cpp">
      <Filter>Source Files</Filter>
    </ClCompile>
    <ClCompile Include="src\video\WSAError.cpp">
      <Filter>Source Files</Filter>
    </ClCompile>
    <ClCompile Include="src\video\WSAMovie.cpp">
      <Filter>Source Files</Filter>
    </ClCompile>
  </ItemGroup>
  <ItemGroup>
    <ClInclude Include="src\game\ActionEvent.h">
      <Filter>Header Files</Filter>
    </ClInclude>
    <ClInclude Include="src\game\ActionEventQueue.h">
      <Filter>Header Files</Filter>
    </ClInclude>
    <ClInclude Include="src\game\Ai.h">
      <Filter>Header Files</Filter>
    </ClInclude>
    <ClInclude Include="src\game\AiCommand.h">
      <Filter>Header Files</Filter>
    </ClInclude>
    <ClInclude Include="src\game\AiRules.h">
      <Filter>Header Files</Filter>
    </ClInclude>
    <ClInclude Include="src\game\anim_nfo.h">
      <Filter>Header Files</Filter>
    </ClInclude>
    <ClInclude Include="src\game\animinfo_t.h">
      <Filter>Header Files</Filter>
    </ClInclude>
    <ClInclude Include="src\vfs\archive.h">
      <Filter>Header Files</Filter>
    </ClInclude>
    <ClInclude Include="src\game\armour_t.h">
      <Filter>Header Files</Filter>
    </ClInclude>
    <ClInclude Include="src\game\BarrelExplosionActionEvent.h">
      <Filter>Header Files</Filter>
    </ClInclude>
    <ClInclude Include="src\game\BAttackAnimEvent.h">
      <Filter>Header Files</Filter>
    </ClInclude>
    <ClInclude Include="src\game\BExplodeAnimEvent.h">
      <Filter>Header Files</Filter>
    </ClInclude>
    <ClInclude Include="src\vfs\mix\blowfish.h">
      <Filter>Header Files</Filter>
    </ClInclude>
    <ClInclude Include="src\game\BQTimer.h">
      <Filter>Header Files</Filter>
    </ClInclude>
    <ClInclude Include="src\game\BQueue.h">
      <Filter>Header Files</Filter>
    </ClInclude>
    <ClInclude Include="src\game\BRepairUnitAnimEvent.h">
      <Filter>Header Files</Filter>
    </ClInclude>
    <ClInclude Include="src\game\BTurnAnimEvent.h">
      <Filter>Header Files</Filter>
    </ClInclude>
    <ClInclude Include="src\game\BuildAnimEvent.h">
      <Filter>Header Files</Filter>
    </ClInclude>
    <ClInclude Include="src\game\BuildingAnimEvent.h">
      <Filter>Header Files</Filter>
    </ClInclude>
    <ClInclude Include="src\ui\Button.h">
      <Filter>Header Files</Filter>
    </ClInclude>
    <ClInclude Include="src\game\CellTrigger.h">
      <Filter>Header Files</Filter>
    </ClInclude>
    <ClInclude Include="src\game\CnCMap.h">
      <Filter>Header Files</Filter>
    </ClInclude>
    <ClInclude Include="src\include\common.h">
      <Filter>Header Files</Filter>
    </ClInclude>
    <ClInclude Include="src\game\Comp.h">
      <Filter>Header Files</Filter>
    </ClInclude>
    <ClInclude Include="src\misc\Compression.h">
      <Filter>Header Files</Filter>
    </ClInclude>
    <ClInclude Include="src\include\config.h">
      <Filter>Header Files</Filter>
    </ClInclude>
    <ClInclude Include="src\game\ConStatus.h">
      <Filter>Header Files</Filter>
    </ClInclude>
    <ClInclude Include="src\video\CPSHeader.h">
      <Filter>Header Files</Filter>
    </ClInclude>
    <ClInclude Include="src\video\CPSImage.h">
      <Filter>Header Files</Filter>
    </ClInclude>
    <ClInclude Include="src\ui\createmode_t.h">
      <Filter>Header Files</Filter>
    </ClInclude>
    <ClInclude Include="src\ui\Cursor.h">
      <Filter>Header Files</Filter>
    </ClInclude>
    <ClInclude Include="src\ui\CursorInfo.h">
      <Filter>Header Files</Filter>
    </ClInclude>
    <ClInclude Include="src\ui\CursorPool.h">
      <Filter>Header Files</Filter>
    </ClInclude>
    <ClInclude Include="src\game\DataLoader.h">
      <Filter>Header Files</Filter>
    </ClInclude>
    <ClInclude Include="src\game\Dispatcher.h">
      <Filter>Header Files</Filter>
    </ClInclude>
    <ClInclude Include="src\game\DispatchLogState.h">
      <Filter>Header Files</Filter>
    </ClInclude>
    <ClInclude Include="src\game\DoorAnimEvent.h">
      <Filter>Header Files</Filter>
    </ClInclude>
    <ClInclude Include="src\video\drawmessage.h">
      <Filter>Header Files</Filter>
    </ClInclude>
    <ClInclude Include="src\ui\DropDownListBox.h">
      <Filter>Header Files</Filter>
    </ClInclude>
    <ClInclude Include="src\video\Dune2Header.h">
      <Filter>Header Files</Filter>
    </ClInclude>
    <ClInclude Include="src\video\Dune2Image.h">
      <Filter>Header Files</Filter>
    </ClInclude>
    <ClInclude Include="src\game\ExplosionAnim.h">
      <Filter>Header Files</Filter>
    </ClInclude>
    <ClInclude Include="src\vfs\filesystem\externalvfs.h">
      <Filter>Header Files</Filter>
    </ClInclude>
    <ClInclude Include="src\include\fcnc_endian.h">
      <Filter>Header Files</Filter>
    </ClInclude>
    <ClInclude Include="src\include\fibheap.h">
      <Filter>Header Files</Filter>
    </ClInclude>
    <ClInclude Include="src\game\FibHeapEntry.h">
      <Filter>Header Files</Filter>
    </ClInclude>
    <ClInclude Include="src\ui\Font.h">
      <Filter>Header Files</Filter>
    </ClInclude>
    <ClInclude Include="src\ui\FontCache.h">
      <Filter>Header Files</Filter>
    </ClInclude>
    <ClInclude Include="src\ui\FontOptions.h">
      <Filter>Header Files</Filter>
    </ClInclude>
    <ClInclude Include="src\game\Game.h">
      <Filter>Header Files</Filter>
    </ClInclude>
    <ClInclude Include="src\game\GameError.h">
      <Filter>Header Files</Filter>
    </ClInclude>
    <ClInclude Include="src\game\GameMode.h">
      <Filter>Header Files</Filter>
    </ClInclude>
    <ClInclude Include="src\misc\gametypes.h">
      <Filter>Header Files</Filter>
    </ClInclude>
    <ClInclude Include="src\game\GlobalClearTriggerAction.h">
      <Filter>Header Files</Filter>
    </ClInclude>
    <ClInclude Include="src\game\GlobalSetTriggerAction.h">
      <Filter>Header Files</Filter>
    </ClInclude>
    <ClInclude Include="src\video\GraphicsEngine.h">
      <Filter>Header Files</Filter>
    </ClInclude>
    <ClInclude Include="src\video\headerformats.h">
      <Filter>Header Files</Filter>
    </ClInclude>
    <ClInclude Include="src\video\ImageCache.h">
      <Filter>Header Files</Filter>
    </ClInclude>
    <ClInclude Include="src\video\ImageCacheEntry.h">
      <Filter>Header Files</Filter>
    </ClInclude>
    <ClInclude Include="src\video\ImageNotFound.h">
      <Filter>Header Files</Filter>
    </ClInclude>
    <ClInclude Include="src\include\imageproc.h">
      <Filter>Header Files</Filter>
    </ClInclude>
    <ClInclude Include="src\game\InfantryGroup.h">
      <Filter>Header Files</Filter>
    </ClInclude>
    <ClInclude Include="src\misc\IniEntry.h">
      <Filter>Header Files</Filter>
    </ClInclude>
    <ClInclude Include="src\misc\INIFile.h">
      <Filter>Header Files</Filter>
    </ClInclude>
    <ClInclude Include="src\misc\INISection.h">
      <Filter>Header Files</Filter>
    </ClInclude>
    <ClInclude Include="src\ui\Input.h">
      <Filter>Header Files</Filter>
    </ClInclude>
    <ClInclude Include="src\game\KeyComp.h">
      <Filter>Header Files</Filter>
    </ClInclude>
    <ClInclude Include="src\misc\KeyNotFound.h">
      <Filter>Header Files</Filter>
    </ClInclude>
    <ClInclude Include="src\game\L2Overlay.h">
      <Filter>Header Files</Filter>
    </ClInclude>
    <ClInclude Include="src\ui\ListboxClass.h">
      <Filter>Header Files</Filter>
    </ClInclude>
    <ClInclude Include="src\ui\ListBoxLine.h">
      <Filter>Header Files</Filter>
    </ClInclude>
    <ClInclude Include="src\video\LoadingScreen.h">
      <Filter>Header Files</Filter>
    </ClInclude>
    <ClInclude Include="src\game\LoadMapError.h">
      <Filter>Header Files</Filter>
    </ClInclude>
    <ClInclude Include="src\game\LOADSTATE.h">
      <Filter>Header Files</Filter>
    </ClInclude>
    <ClInclude Include="src\Logger.hpp">
      <Filter>Header Files</Filter>
    </ClInclude>
    <ClInclude Include="src\game\LoopAnimEvent.h">
      <Filter>Header Files</Filter>
    </ClInclude>
    <ClInclude Include="src\ui\MapAnimationMenu.hpp">
      <Filter>Header Files</Filter>
    </ClInclude>
    <ClInclude Include="src\ui\Menu.h">
      <Filter>Header Files</Filter>
    </ClInclude>
    <ClInclude Include="src\video\Message.h">
      <Filter>Header Files</Filter>
    </ClInclude>
    <ClInclude Include="src\video\MessagePool.h">
      <Filter>Header Files</Filter>
    </ClInclude>
    <ClInclude Include="src\game\MiniMapClipping.h">
      <Filter>Header Files</Filter>
    </ClInclude>
    <ClInclude Include="src\game\MissionData.h">
      <Filter>Header Files</Filter>
    </ClInclude>
    <ClInclude Include="src\game\MissionMapsClass.h">
      <Filter>Header Files</Filter>
    </ClInclude>
    <ClInclude Include="src\game\MissionTheater.h">
      <Filter>Header Files</Filter>
    </ClInclude>
    <ClInclude Include="src\vfs\mix\mixvfs.h">
      <Filter>Header Files</Filter>
    </ClInclude>
    <ClInclude Include="src\game\MoneyCounter.h">
      <Filter>Header Files</Filter>
    </ClInclude>
    <ClInclude Include="src\game\MoveAnimEvent.h">
      <Filter>Header Files</Filter>
    </ClInclude>
    <ClInclude Include="src\game\movement.h">
      <Filter>Header Files</Filter>
    </ClInclude>
    <ClInclude Include="src\game\MultiPlayerMaps.h">
      <Filter>Header Files</Filter>
    </ClInclude>
    <ClInclude Include="src\game\NoActionTriggerAction.h">
      <Filter>Header Files</Filter>
    </ClInclude>
    <ClInclude Include="src\video\Palettes.h">
      <Filter>Header Files</Filter>
    </ClInclude>
    <ClInclude Include="src\game\Path.h">
      <Filter>Header Files</Filter>
    </ClInclude>
    <ClInclude Include="src\ui\PauseMenu.h">
      <Filter>Header Files</Filter>
    </ClInclude>
    <ClInclude Include="src\video\PCXHeader.h">
      <Filter>Header Files</Filter>
    </ClInclude>
    <ClInclude Include="src\video\PCXImage.h">
      <Filter>Header Files</Filter>
    </ClInclude>
    <ClInclude Include="src\game\Player.h">
      <Filter>Header Files</Filter>
    </ClInclude>
    <ClInclude Include="src\game\PlayerPool.h">
      <Filter>Header Files</Filter>
    </ClInclude>
    <ClInclude Include="src\game\PowerInfo.h">
      <Filter>Header Files</Filter>
    </ClInclude>
    <ClInclude Include="src\game\ProcAnimEvent.h">
      <Filter>Header Files</Filter>
    </ClInclude>
    <ClInclude Include="src\game\Production.h">
      <Filter>Header Files</Filter>
    </ClInclude>
    <ClInclude Include="src\game\Projectile.h">
      <Filter>Header Files</Filter>
    </ClInclude>
    <ClInclude Include="src\game\ProjectileAnim.h">
      <Filter>Header Files</Filter>
    </ClInclude>
    <ClInclude Include="src\game\ProjectileData.h">
      <Filter>Header Files</Filter>
    </ClInclude>
    <ClInclude Include="src\game\ProjectileDataList.h">
      <Filter>Header Files</Filter>
    </ClInclude>
    <ClInclude Include="src\game\pside.h">
      <Filter>Header Files</Filter>
    </ClInclude>
    <ClInclude Include="src\game\Queue.h">
      <Filter>Header Files</Filter>
    </ClInclude>
    <ClInclude Include="src\ui\RA_Label.h">
      <Filter>Header Files</Filter>
    </ClInclude>
    <ClInclude Include="src\ui\RA_ProgressBar.h">
      <Filter>Header Files</Filter>
    </ClInclude>
    <ClInclude Include="src\game\RA_Tigger.h">
      <Filter>Header Files</Filter>
    </ClInclude>
    <ClInclude Include="src\game\RadarAnimEvent.h">
      <Filter>Header Files</Filter>
    </ClInclude>
    <ClInclude Include="src\ui\RaWindow.h">
      <Filter>Header Files</Filter>
    </ClInclude>
    <ClInclude Include="src\game\RawTriggerAction.h">
      <Filter>Header Files</Filter>
    </ClInclude>
    <ClInclude Include="src\game\RedAlertDataLoader.h">
      <Filter>Header Files</Filter>
    </ClInclude>
    <ClInclude Include="src\game\RefineAnimEvent.h">
      <Filter>Header Files</Filter>
    </ClInclude>
    <ClInclude Include="src\game\RepairAnimEvent.h">
      <Filter>Header Files</Filter>
    </ClInclude>
    <ClInclude Include="src\game\RQstate.h">
      <Filter>Header Files</Filter>
    </ClInclude>
    <ClInclude Include="src\include\sdllayer.h">
      <Filter>Header Files</Filter>
    </ClInclude>
    <ClInclude Include="src\ui\Selection.h">
      <Filter>Header Files</Filter>
    </ClInclude>
    <ClInclude Include="src\video\SHPBase.h">
      <Filter>Header Files</Filter>
    </ClInclude>
    <ClInclude Include="src\video\SHPHeader.h">
      <Filter>Header Files</Filter>
    </ClInclude>
    <ClInclude Include="src\video\SHPImage.h">
      <Filter>Header Files</Filter>
    </ClInclude>
    <ClInclude Include="src\ui\Sidebar.h">
      <Filter>Header Files</Filter>
    </ClInclude>
    <ClInclude Include="src\ui\SidebarButton.h">
      <Filter>Header Files</Filter>
    </ClInclude>
    <ClInclude Include="src\ui\SidebarError.h">
      <Filter>Header Files</Filter>
    </ClInclude>
    <ClInclude Include="src\ui\SidebarGeometry.h">
      <Filter>Header Files</Filter>
    </ClInclude>
    <ClInclude Include="src\ui\sidebarop.h">
      <Filter>Header Files</Filter>
    </ClInclude>
    <ClInclude Include="src\game\SnowMissionTheater.h">
      <Filter>Header Files</Filter>
    </ClInclude>
    <ClInclude Include="src\audio\SOUND_DECODE_STATE.h">
      <Filter>Header Files</Filter>
    </ClInclude>
    <ClInclude Include="src\audio\SoundBuffer.h">
      <Filter>Header Files</Filter>
    </ClInclude>
    <ClInclude Include="src\audio\SoundCache.h">
      <Filter>Header Files</Filter>
    </ClInclude>
    <ClInclude Include="src\audio\SoundCacheCleaner.hpp">
      <Filter>Header Files</Filter>
    </ClInclude>
    <ClInclude Include="src\audio\SoundCommon.h">
      <Filter>Header Files</Filter>
    </ClInclude>
    <ClInclude Include="src\audio\SoundEngine.h">
      <Filter>Header Files</Filter>
    </ClInclude>
    <ClInclude Include="src\audio\SoundError.h">
      <Filter>Header Files</Filter>
    </ClInclude>
    <ClInclude Include="src\audio\SoundFile.h">
      <Filter>Header Files</Filter>
    </ClInclude>
    <ClInclude Include="src\audio\SoundUtils.h">
      <Filter>Header Files</Filter>
    </ClInclude>
    <ClInclude Include="src\misc\StringTableFile.h">
      <Filter>Header Files</Filter>
    </ClInclude>
    <ClInclude Include="src\game\Structure.h">
      <Filter>Header Files</Filter>
    </ClInclude>
    <ClInclude Include="src\game\StructureType.h">
      <Filter>Header Files</Filter>
    </ClInclude>
    <ClInclude Include="src\game\Talkback.h">
      <Filter>Header Files</Filter>
    </ClInclude>
    <ClInclude Include="src\game\TalkbackType.h">
      <Filter>Header Files</Filter>
    </ClInclude>
    <ClInclude Include="src\ui\TCheckBox.h">
      <Filter>Header Files</Filter>
    </ClInclude>
    <ClInclude Include="src\video\TemplateImage.h">
      <Filter>Header Files</Filter>
    </ClInclude>
    <ClInclude Include="src\game\TextTriggerAction.h">
      <Filter>Header Files</Filter>
    </ClInclude>
    <ClInclude Include="src\ui\TFontImage.h">
      <Filter>Header Files</Filter>
    </ClInclude>
    <ClInclude Include="src\game\TileRef.h">
      <Filter>Header Files</Filter>
    </ClInclude>
    <ClInclude Include="src\game\Trigger.hpp">
      <Filter>Header Files</Filter>
    </ClInclude>
    <ClInclude Include="src\game\TriggerAction.h">
      <Filter>Header Files</Filter>
    </ClInclude>
    <ClInclude Include="src\game\TriggerManager.hpp">
      <Filter>Header Files</Filter>
    </ClInclude>
    <ClInclude Include="src\game\triggers.h">
      <Filter>Header Files</Filter>
    </ClInclude>
    <ClInclude Include="src\ui\TTextBox.h">
      <Filter>Header Files</Filter>
    </ClInclude>
    <ClInclude Include="src\game\TurnAnimEvent.h">
      <Filter>Header Files</Filter>
    </ClInclude>
    <ClInclude Include="src\game\UAttackAnimEvent.h">
      <Filter>Header Files</Filter>
    </ClInclude>
    <ClInclude Include="src\game\UHarvestEvent.h">
      <Filter>Header Files</Filter>
    </ClInclude>
    <ClInclude Include="src\game\UInfiltrateAnimEvent.h">
      <Filter>Header Files</Filter>
    </ClInclude>
    <ClInclude Include="src\game\Unit.h">
      <Filter>Header Files</Filter>
    </ClInclude>
    <ClInclude Include="src\game\UnitAndStructureMat.h">
      <Filter>Header Files</Filter>
    </ClInclude>
    <ClInclude Include="src\game\UnitAndStructurePool.h">
      <Filter>Header Files</Filter>
    </ClInclude>
    <ClInclude Include="src\game\UnitAnimEvent.h">
      <Filter>Header Files</Filter>
    </ClInclude>
    <ClInclude Include="src\game\UnitOrStructure.h">
      <Filter>Header Files</Filter>
    </ClInclude>
    <ClInclude Include="src\game\UnitOrStructureType.h">
      <Filter>Header Files</Filter>
    </ClInclude>
    <ClInclude Include="src\game\UnitType.h">
      <Filter>Header Files</Filter>
    </ClInclude>
    <ClInclude Include="src\game\unittypes.h">
      <Filter>Header Files</Filter>
    </ClInclude>
    <ClInclude Include="src\game\URepairEvent.h">
      <Filter>Header Files</Filter>
    </ClInclude>
    <ClInclude Include="src\vfs\VFile.h">
      <Filter>Header Files</Filter>
    </ClInclude>
    <ClInclude Include="src\vfs\vfs.h">
      <Filter>Header Files</Filter>
    </ClInclude>
    <ClInclude Include="src\video\VideoError.h">
      <Filter>Header Files</Filter>
    </ClInclude>
    <ClInclude Include="src\video\VQAHeader.h">
      <Filter>Header Files</Filter>
    </ClInclude>
    <ClInclude Include="src\video\VQAMovie.h">
      <Filter>Header Files</Filter>
    </ClInclude>
    <ClInclude Include="src\game\WalkAnimEvent.h">
      <Filter>Header Files</Filter>
    </ClInclude>
    <ClInclude Include="src\game\Warhead.h">
      <Filter>Header Files</Filter>
    </ClInclude>
    <ClInclude Include="src\game\WarheadData.h">
      <Filter>Header Files</Filter>
    </ClInclude>
    <ClInclude Include="src\game\WarheadDataList.h">
      <Filter>Header Files</Filter>
    </ClInclude>
    <ClInclude Include="src\game\Weapon.h">
      <Filter>Header Files</Filter>
    </ClInclude>
    <ClInclude Include="src\game\WeaponData.h">
      <Filter>Header Files</Filter>
    </ClInclude>
    <ClInclude Include="src\game\WeaponDataList.h">
      <Filter>Header Files</Filter>
    </ClInclude>
    <ClInclude Include="src\game\weaponspool.h">
      <Filter>Header Files</Filter>
    </ClInclude>
    <ClInclude Include="src\vfs\mix\ws-key.h">
      <Filter>Header Files</Filter>
    </ClInclude>
    <ClInclude Include="src\video\WSAError.h">
      <Filter>Header Files</Filter>
    </ClInclude>
    <ClInclude Include="src\video\WSAHeader.h">
      <Filter>Header Files</Filter>
    </ClInclude>
    <ClInclude Include="src\video\WSAMovie.h">
      <Filter>Header Files</Filter>
    </ClInclude>
  </ItemGroup>
</Project>